
Microsoft Visual Studio Solution File, Format Version 12.00
# Visual Studio Version 16
VisualStudioVersion = 16.0.30804.86
MinimumVisualStudioVersion = 10.0.40219.1
Project("{FAE04EC0-301F-11D3-BF4B-00C04F79EFBC}") = "eTickets", "eTickets\eTickets.csproj", "{942B0288-6C72-4FC7-A7F6-7E0B44C9EF26}"
EndProject
Global
	GlobalSection(SolutionConfigurationPlatforms) = preSolution
		Debug|Any CPU = Debug|Any CPU
		Release|Any CPU = Release|Any CPU
	EndGlobalSection
	GlobalSection(ProjectConfigurationPlatforms) = postSolution
		{942B0288-6C72-4FC7-A7F6-7E0B44C9EF26}.Debug|Any CPU.ActiveCfg = Debug|Any CPU
		{942B0288-6C72-4FC7-A7F6-7E0B44C9EF26}.Debug|Any CPU.Build.0 = Debug|Any CPU
		{942B0288-6C72-4FC7-A7F6-7E0B44C9EF26}.Release|Any CPU.ActiveCfg = Release|Any CPU
		{942B0288-6C72-4FC7-A7F6-7E0B44C9EF26}.Release|Any CPU.Build.0 = Release|Any CPU
	EndGlobalSection
	GlobalSection(SolutionProperties) = preSolution
		HideSolutionNode = FALSE
	EndGlobalSection
	GlobalSection(ExtensibilityGlobals) = postSolution
		SolutionGuid = {D2691FAE-2EBE-4827-BBB0-D7E6924BF3F1}
	EndGlobalSection
EndGlobal
